// !$*UTF8*$!
{
	archiveVersion = 1;
	classes = {
	};
	objectVersion = 56;
	objects = {

/* Begin PBXBuildFile section */
		AF9DEF072F76C536009A399B /* HistoryWindowController+Filter.swift in Sources */ = {isa = PBXBuildFile; fileRef = AF9DEF032F76C536009A399B /* HistoryWindowController+Filter.swift */; };
		AF9DEF082F76C536009A399B /* HistoryWindowController+UI.swift in Sources */ = {isa = PBXBuildFile; fileRef = AF9DEF042F76C536009A399B /* HistoryWindowController+UI.swift */; };
		AF9DEF092F76C536009A399B /* HistoryWindowController+Table.swift in Sources */ = {isa = PBXBuildFile; fileRef = AF9DEF052F76C536009A399B /* HistoryWindowController+Table.swift */; };
		AF9DEF0A2F76C536009A399B /* HistoryWindowController+Actions.swift in Sources */ = {isa = PBXBuildFile; fileRef = AF9DEF062F76C536009A399B /* HistoryWindowController+Actions.swift */; };
		AFA138E82F2BA886006538C2 /* AppDelegate.swift in Sources */ = {isa = PBXBuildFile; fileRef = AFA138E72F2BA886006538C2 /* AppDelegate.swift */; };
		AFA138EA2F2BA886006538C2 /* ViewController.swift in Sources */ = {isa = PBXBuildFile; fileRef = AFA138E92F2BA886006538C2 /* ViewController.swift */; };
		AFA138EC2F2BA888006538C2 /* Assets.xcassets in Resources */ = {isa = PBXBuildFile; fileRef = AFA138EB2F2BA888006538C2 /* Assets.xcassets */; };
		AFA138FA2F2BA889006538C2 /* AtlasDataProcessorPlusTests.swift in Sources */ = {isa = PBXBuildFile; fileRef = AFA138F92F2BA889006538C2 /* AtlasDataProcessorPlusTests.swift */; };
		AFA139042F2BA889006538C2 /* AtlasDataProcessorPlusUITests.swift in Sources */ = {isa = PBXBuildFile; fileRef = AFA139032F2BA889006538C2 /* AtlasDataProcessorPlusUITests.swift */; };
		AFA139062F2BA889006538C2 /* AtlasDataProcessorPlusUITestsLaunchTests.swift in Sources */ = {isa = PBXBuildFile; fileRef = AFA139052F2BA889006538C2 /* AtlasDataProcessorPlusUITestsLaunchTests.swift */; };
		AFA1395F2F2BAF75006538C2 /* TestData.swift in Sources */ = {isa = PBXBuildFile; fileRef = AFA1395D2F2BAF75006538C2 /* TestData.swift */; };
		AFA139602F2BAF75006538C2 /* TestData.swift in Sources */ = {isa = PBXBuildFile; fileRef = AFA1395D2F2BAF75006538C2 /* TestData.swift */; };
		AFA139612F2BAF75006538C2 /* TestData.swift in Sources */ = {isa = PBXBuildFile; fileRef = AFA1395D2F2BAF75006538C2 /* TestData.swift */; };
		AFA139622F2BAF75006538C2 /* Channel.swift in Sources */ = {isa = PBXBuildFile; fileRef = AFA1395E2F2BAF75006538C2 /* Channel.swift */; };
		AFA139632F2BAF75006538C2 /* Channel.swift in Sources */ = {isa = PBXBuildFile; fileRef = AFA1395E2F2BAF75006538C2 /* Channel.swift */; };
		AFA139642F2BAF75006538C2 /* Channel.swift in Sources */ = {isa = PBXBuildFile; fileRef = AFA1395E2F2BAF75006538C2 /* Channel.swift */; };
		AFA139692F2BAF9C006538C2 /* MainWindowController.swift in Sources */ = {isa = PBXBuildFile; fileRef = AFA139662F2BAF9C006538C2 /* MainWindowController.swift */; };
		AFA1396C2F2BAF9C006538C2 /* ChannelViewController.swift in Sources */ = {isa = PBXBuildFile; fileRef = AFA139672F2BAF9C006538C2 /* ChannelViewController.swift */; };
		AFA1396F2F2BAF9C006538C2 /* SummaryViewController.swift in Sources */ = {isa = PBXBuildFile; fileRef = AFA139682F2BAF9C006538C2 /* SummaryViewController.swift */; };
		AFA139742F2BAFB7006538C2 /* DataReaderService.swift in Sources */ = {isa = PBXBuildFile; fileRef = AFA139732F2BAFB7006538C2 /* DataReaderService.swift */; };
		AFA139802F2BB17E006538C2 /* NSVStackLayout.swift in Sources */ = {isa = PBXBuildFile; fileRef = AFA1397F2F2BB17E006538C2 /* NSVStackLayout.swift */; };
		AFA1398E2F2BC581006538C2 /* main.swift in Sources */ = {isa = PBXBuildFile; fileRef = AFA1398D2F2BC581006538C2 /* main.swift */; };
		AFA139902F324459006538C2 /* HistoryWindowController.swift in Sources */ = {isa = PBXBuildFile; fileRef = AFA1398F2F324459006538C2 /* HistoryWindowController.swift */; };
		AFA139922F324D1F006538C2 /* AtlasDataProcessor.swift in Sources */ = {isa = PBXBuildFile; fileRef = AFA139912F324D1F006538C2 /* AtlasDataProcessor.swift */; };
/* End PBXBuildFile section */

/* Begin PBXContainerItemProxy section */
		AFA138F62F2BA889006538C2 /* PBXContainerItemProxy */ = {
			isa = PBXContainerItemProxy;
			containerPortal = AFA138DC2F2BA885006538C2 /* Project object */;
			proxyType = 1;
			remoteGlobalIDString = AFA138E32F2BA886006538C2;
			remoteInfo = AtlasDataProcessorPlus;
		};
		AFA139002F2BA889006538C2 /* PBXContainerItemProxy */ = {
			isa = PBXContainerItemProxy;
			containerPortal = AFA138DC2F2BA885006538C2 /* Project object */;
			proxyType = 1;
			remoteGlobalIDString = AFA138E32F2BA886006538C2;
			remoteInfo = AtlasDataProcessorPlus;
		};
/* End PBXContainerItemProxy section */

/* Begin PBXFileReference section */
		AF9DEF032F76C536009A399B /* HistoryWindowController+Filter.swift */ = {isa = PBXFileReference; fileEncoding = 4; lastKnownFileType = sourcecode.swift; path = "HistoryWindowController+Filter.swift"; sourceTree = "<group>"; };
		AF9DEF042F76C536009A399B /* HistoryWindowController+UI.swift */ = {isa = PBXFileReference; fileEncoding = 4; lastKnownFileType = sourcecode.swift; path = "HistoryWindowController+UI.swift"; sourceTree = "<group>"; };
		AF9DEF052F76C536009A399B /* HistoryWindowController+Table.swift */ = {isa = PBXFileReference; fileEncoding = 4; lastKnownFileType = sourcecode.swift; path = "HistoryWindowController+Table.swift"; sourceTree = "<group>"; };
		AF9DEF062F76C536009A399B /* HistoryWindowController+Actions.swift */ = {isa = PBXFileReference; fileEncoding = 4; lastKnownFileType = sourcecode.swift; path = "HistoryWindowController+Actions.swift"; sourceTree = "<group>"; };
		AFA138E42F2BA886006538C2 /* AtlasDataProcessorPlus.app */ = {isa = PBXFileReference; explicitFileType = wrapper.application; includeInIndex = 0; path = AtlasDataProcessorPlus.app; sourceTree = BUILT_PRODUCTS_DIR; };
		AFA138E72F2BA886006538C2 /* AppDelegate.swift */ = {isa = PBXFileReference; lastKnownFileType = sourcecode.swift; path = AppDelegate.swift; sourceTree = "<group>"; };
		AFA138E92F2BA886006538C2 /* ViewController.swift */ = {isa = PBXFileReference; lastKnownFileType = sourcecode.swift; path = ViewController.swift; sourceTree = "<group>"; };
		AFA138EB2F2BA888006538C2 /* Assets.xcassets */ = {isa = PBXFileReference; lastKnownFileType = folder.assetcatalog; path = Assets.xcassets; sourceTree = "<group>"; };
		AFA138F02F2BA888006538C2 /* AtlasDataProcessorPlus.entitlements */ = {isa = PBXFileReference; lastKnownFileType = text.plist.entitlements; path = AtlasDataProcessorPlus.entitlements; sourceTree = "<group>"; };
		AFA138F52F2BA889006538C2 /* AtlasDataProcessorPlusTests.xctest */ = {isa = PBXFileReference; explicitFileType = wrapper.cfbundle; includeInIndex = 0; path = AtlasDataProcessorPlusTests.xctest; sourceTree = BUILT_PRODUCTS_DIR; };
		AFA138F92F2BA889006538C2 /* AtlasDataProcessorPlusTests.swift */ = {isa = PBXFileReference; lastKnownFileType = sourcecode.swift; path = AtlasDataProcessorPlusTests.swift; sourceTree = "<group>"; };
		AFA138FF2F2BA889006538C2 /* AtlasDataProcessorPlusUITests.xctest */ = {isa = PBXFileReference; explicitFileType = wrapper.cfbundle; includeInIndex = 0; path = AtlasDataProcessorPlusUITests.xctest; sourceTree = BUILT_PRODUCTS_DIR; };
		AFA139032F2BA889006538C2 /* AtlasDataProcessorPlusUITests.swift */ = {isa = PBXFileReference; lastKnownFileType = sourcecode.swift; path = AtlasDataProcessorPlusUITests.swift; sourceTree = "<group>"; };
		AFA139052F2BA889006538C2 /* AtlasDataProcessorPlusUITestsLaunchTests.swift */ = {isa = PBXFileReference; lastKnownFileType = sourcecode.swift; path = AtlasDataProcessorPlusUITestsLaunchTests.swift; sourceTree = "<group>"; };
		AFA1395D2F2BAF75006538C2 /* TestData.swift */ = {isa = PBXFileReference; fileEncoding = 4; lastKnownFileType = sourcecode.swift; path = TestData.swift; sourceTree = "<group>"; };
		AFA1395E2F2BAF75006538C2 /* Channel.swift */ = {isa = PBXFileReference; fileEncoding = 4; lastKnownFileType = sourcecode.swift; path = Channel.swift; sourceTree = "<group>"; };
		AFA139662F2BAF9C006538C2 /* MainWindowController.swift */ = {isa = PBXFileReference; fileEncoding = 4; lastKnownFileType = sourcecode.swift; path = MainWindowController.swift; sourceTree = "<group>"; };
		AFA139672F2BAF9C006538C2 /* ChannelViewController.swift */ = {isa = PBXFileReference; fileEncoding = 4; lastKnownFileType = sourcecode.swift; path = ChannelViewController.swift; sourceTree = "<group>"; };
		AFA139682F2BAF9C006538C2 /* SummaryViewController.swift */ = {isa = PBXFileReference; fileEncoding = 4; lastKnownFileType = sourcecode.swift; path = SummaryViewController.swift; sourceTree = "<group>"; };
		AFA139732F2BAFB7006538C2 /* DataReaderService.swift */ = {isa = PBXFileReference; fileEncoding = 4; lastKnownFileType = sourcecode.swift; path = DataReaderService.swift; sourceTree = "<group>"; };
		AFA1397F2F2BB17E006538C2 /* NSVStackLayout.swift */ = {isa = PBXFileReference; lastKnownFileType = sourcecode.swift; path = NSVStackLayout.swift; sourceTree = "<group>"; };
		AFA1398B2F2BB658006538C2 /* Info.plist */ = {isa = PBXFileReference; lastKnownFileType = text.plist.xml; path = Info.plist; sourceTree = "<group>"; };
		AFA1398D2F2BC581006538C2 /* main.swift */ = {isa = PBXFileReference; lastKnownFileType = sourcecode.swift; path = main.swift; sourceTree = "<group>"; };
		AFA1398F2F324459006538C2 /* HistoryWindowController.swift */ = {isa = PBXFileReference; lastKnownFileType = sourcecode.swift; path = HistoryWindowController.swift; sourceTree = "<group>"; };
		AFA139912F324D1F006538C2 /* AtlasDataProcessor.swift */ = {isa = PBXFileReference; lastKnownFileType = sourcecode.swift; path = AtlasDataProcessor.swift; sourceTree = "<group>"; };
/* End PBXFileReference section */

/* Begin PBXFrameworksBuildPhase section */
		AFA138E12F2BA886006538C2 /* Frameworks */ = {
			isa = PBXFrameworksBuildPhase;
			buildActionMask = 2147483647;
			files = (
			);
			runOnlyForDeploymentPostprocessing = 0;
		};
		AFA138F22F2BA889006538C2 /* Frameworks */ = {
			isa = PBXFrameworksBuildPhase;
			buildActionMask = 2147483647;
			files = (
			);
			runOnlyForDeploymentPostprocessing = 0;
		};
		AFA138FC2F2BA889006538C2 /* Frameworks */ = {
			isa = PBXFrameworksBuildPhase;
			buildActionMask = 2147483647;
			files = (
			);
			runOnlyForDeploymentPostprocessing = 0;
		};
/* End PBXFrameworksBuildPhase section */

/* Begin PBXGroup section */
		AFA138DB2F2BA885006538C2 = {
			isa = PBXGroup;
			children = (
				AFA138E62F2BA886006538C2 /* AtlasDataProcessorPlus */,
				AFA138F82F2BA889006538C2 /* AtlasDataProcessorPlusTests */,
				AFA139022F2BA889006538C2 /* AtlasDataProcessorPlusUITests */,
				AFA138E52F2BA886006538C2 /* Products */,
			);
			sourceTree = "<group>";
		};
		AFA138E52F2BA886006538C2 /* Products */ = {
			isa = PBXGroup;
			children = (
				AFA138E42F2BA886006538C2 /* AtlasDataProcessorPlus.app */,
				AFA138F52F2BA889006538C2 /* AtlasDataProcessorPlusTests.xctest */,
				AFA138FF2F2BA889006538C2 /* AtlasDataProcessorPlusUITests.xctest */,
			);
			name = Products;
			sourceTree = "<group>";
		};
		AFA138E62F2BA886006538C2 /* AtlasDataProcessorPlus */ = {
			isa = PBXGroup;
			children = (
				AFA139722F2BAFA7006538C2 /* Services */,
				AFA139652F2BAF8A006538C2 /* Controllers */,
				AFA139542F2BAF27006538C2 /* Models */,
				AFA138E72F2BA886006538C2 /* AppDelegate.swift */,
				AFA138E92F2BA886006538C2 /* ViewController.swift */,
				AFA138EB2F2BA888006538C2 /* Assets.xcassets */,
				AFA138F02F2BA888006538C2 /* AtlasDataProcessorPlus.entitlements */,
				AFA1398B2F2BB658006538C2 /* Info.plist */,
				AFA1398D2F2BC581006538C2 /* main.swift */,
			);
			path = AtlasDataProcessorPlus;
			sourceTree = "<group>";
			usesTabs = 0;
		};
		AFA138F82F2BA889006538C2 /* AtlasDataProcessorPlusTests */ = {
			isa = PBXGroup;
			children = (
				AFA138F92F2BA889006538C2 /* AtlasDataProcessorPlusTests.swift */,
			);
			path = AtlasDataProcessorPlusTests;
			sourceTree = "<group>";
		};
		AFA139022F2BA889006538C2 /* AtlasDataProcessorPlusUITests */ = {
			isa = PBXGroup;
			children = (
				AFA139032F2BA889006538C2 /* AtlasDataProcessorPlusUITests.swift */,
				AFA139052F2BA889006538C2 /* AtlasDataProcessorPlusUITestsLaunchTests.swift */,
			);
			path = AtlasDataProcessorPlusUITests;
			sourceTree = "<group>";
		};
		AFA139542F2BAF27006538C2 /* Models */ = {
			isa = PBXGroup;
			children = (
				AFA1395E2F2BAF75006538C2 /* Channel.swift */,
				AFA1395D2F2BAF75006538C2 /* TestData.swift */,
				AFA139912F324D1F006538C2 /* AtlasDataProcessor.swift */,
			);
			path = Models;
			sourceTree = "<group>";
		};
		AFA139652F2BAF8A006538C2 /* Controllers */ = {
			isa = PBXGroup;
			children = (
				AF9DEF062F76C536009A399B /* HistoryWindowController+Actions.swift */,
				AF9DEF032F76C536009A399B /* HistoryWindowController+Filter.swift */,
				AF9DEF052F76C536009A399B /* HistoryWindowController+Table.swift */,
				AF9DEF042F76C536009A399B /* HistoryWindowController+UI.swift */,
				AFA139672F2BAF9C006538C2 /* ChannelViewController.swift */,
				AFA139662F2BAF9C006538C2 /* MainWindowController.swift */,
				AFA139682F2BAF9C006538C2 /* SummaryViewController.swift */,
				AFA1397F2F2BB17E006538C2 /* NSVStackLayout.swift */,
				AFA1398F2F324459006538C2 /* HistoryWindowController.swift */,
			);
			path = Controllers;
			sourceTree = "<group>";
		};
		AFA139722F2BAFA7006538C2 /* Services */ = {
			isa = PBXGroup;
			children = (
				AFA139732F2BAFB7006538C2 /* DataReaderService.swift */,
			);
			path = Services;
			sourceTree = "<group>";
		};
/* End PBXGroup section */

/* Begin PBXNativeTarget section */
		AFA138E32F2BA886006538C2 /* AtlasDataProcessorPlus */ = {
			isa = PBXNativeTarget;
			buildConfigurationList = AFA139092F2BA889006538C2 /* Build configuration list for PBXNativeTarget "AtlasDataProcessorPlus" */;
			buildPhases = (
				AFA138E02F2BA886006538C2 /* Sources */,
				AFA138E12F2BA886006538C2 /* Frameworks */,
				AFA138E22F2BA886006538C2 /* Resources */,
			);
			buildRules = (
			);
			dependencies = (
			);
			name = AtlasDataProcessorPlus;
			productName = AtlasDataProcessorPlus;
			productReference = AFA138E42F2BA886006538C2 /* AtlasDataProcessorPlus.app */;
			productType = "com.apple.product-type.application";
		};
		AFA138F42F2BA889006538C2 /* AtlasDataProcessorPlusTests */ = {
			isa = PBXNativeTarget;
			buildConfigurationList = AFA1390C2F2BA889006538C2 /* Build configuration list for PBXNativeTarget "AtlasDataProcessorPlusTests" */;
			buildPhases = (
				AFA138F12F2BA889006538C2 /* Sources */,
				AFA138F22F2BA889006538C2 /* Frameworks */,
				AFA138F32F2BA889006538C2 /* Resources */,
			);
			buildRules = (
			);
			dependencies = (
				AFA138F72F2BA889006538C2 /* PBXTargetDependency */,
			);
			name = AtlasDataProcessorPlusTests;
			productName = AtlasDataProcessorPlusTests;
			productReference = AFA138F52F2BA889006538C2 /* AtlasDataProcessorPlusTests.xctest */;
			productType = "com.apple.product-type.bundle.unit-test";
		};
		AFA138FE2F2BA889006538C2 /* AtlasDataProcessorPlusUITests */ = {
			isa = PBXNativeTarget;
			buildConfigurationList = AFA1390F2F2BA889006538C2 /* Build configuration list for PBXNativeTarget "AtlasDataProcessorPlusUITests" */;
			buildPhases = (
				AFA138FB2F2BA889006538C2 /* Sources */,
				AFA138FC2F2BA889006538C2 /* Frameworks */,
				AFA138FD2F2BA889006538C2 /* Resources */,
			);
			buildRules = (
			);
			dependencies = (
				AFA139012F2BA889006538C2 /* PBXTargetDependency */,
			);
			name = AtlasDataProcessorPlusUITests;
			productName = AtlasDataProcessorPlusUITests;
			productReference = AFA138FF2F2BA889006538C2 /* AtlasDataProcessorPlusUITests.xctest */;
			productType = "com.apple.product-type.bundle.ui-testing";
		};
/* End PBXNativeTarget section */

/* Begin PBXProject section */
		AFA138DC2F2BA885006538C2 /* Project object */ = {
			isa = PBXProject;
			attributes = {
				BuildIndependentTargetsInParallel = 1;
				LastSwiftUpdateCheck = 1520;
				LastUpgradeCheck = 1520;
				TargetAttributes = {
					AFA138E32F2BA886006538C2 = {
						CreatedOnToolsVersion = 15.2;
					};
					AFA138F42F2BA889006538C2 = {
						CreatedOnToolsVersion = 15.2;
						TestTargetID = AFA138E32F2BA886006538C2;
					};
					AFA138FE2F2BA889006538C2 = {
						CreatedOnToolsVersion = 15.2;
						TestTargetID = AFA138E32F2BA886006538C2;
					};
				};
			};
			buildConfigurationList = AFA138DF2F2BA885006538C2 /* Build configuration list for PBXProject "AtlasDataProcessorPlus" */;
			compatibilityVersion = "Xcode 14.0";
			developmentRegion = en;
			hasScannedForEncodings = 0;
			knownRegions = (
				en,
				Base,
			);
			mainGroup = AFA138DB2F2BA885006538C2;
			productRefGroup = AFA138E52F2BA886006538C2 /* Products */;
			projectDirPath = "";
			projectRoot = "";
			targets = (
				AFA138E32F2BA886006538C2 /* AtlasDataProcessorPlus */,
				AFA138F42F2BA889006538C2 /* AtlasDataProcessorPlusTests */,
				AFA138FE2F2BA889006538C2 /* AtlasDataProcessorPlusUITests */,
			);
		};
/* End PBXProject section */

/* Begin PBXResourcesBuildPhase section */
		AFA138E22F2BA886006538C2 /* Resources */ = {
			isa = PBXResourcesBuildPhase;
			buildActionMask = 2147483647;
			files = (
				AFA138EC2F2BA888006538C2 /* Assets.xcassets in Resources */,
			);
			runOnlyForDeploymentPostprocessing = 0;
		};
		AFA138F32F2BA889006538C2 /* Resources */ = {
			isa = PBXResourcesBuildPhase;
			buildActionMask = 2147483647;
			files = (
			);
			runOnlyForDeploymentPostprocessing = 0;
		};
		AFA138FD2F2BA889006538C2 /* Resources */ = {
			isa = PBXResourcesBuildPhase;
			buildActionMask = 2147483647;
			files = (
			);
			runOnlyForDeploymentPostprocessing = 0;
		};
/* End PBXResourcesBuildPhase section */

/* Begin PBXSourcesBuildPhase section */
		AFA138E02F2BA886006538C2 /* Sources */ = {
			isa = PBXSourcesBuildPhase;
			buildActionMask = 2147483647;
			files = (
				AFA139742F2BAFB7006538C2 /* DataReaderService.swift in Sources */,
				AFA1395F2F2BAF75006538C2 /* TestData.swift in Sources */,
				AFA139902F324459006538C2 /* HistoryWindowController.swift in Sources */,
				AFA139622F2BAF75006538C2 /* Channel.swift in Sources */,
				AFA139802F2BB17E006538C2 /* NSVStackLayout.swift in Sources */,
				AFA138EA2F2BA886006538C2 /* ViewController.swift in Sources */,
				AFA138E82F2BA886006538C2 /* AppDelegate.swift in Sources */,
				AFA1398E2F2BC581006538C2 /* main.swift in Sources */,
				AF9DEF092F76C536009A399B /* HistoryWindowController+Table.swift in Sources */,
				AFA1396C2F2BAF9C006538C2 /* ChannelViewController.swift in Sources */,
				AF9DEF0A2F76C536009A399B /* HistoryWindowController+Actions.swift in Sources */,
				AFA1396F2F2BAF9C006538C2 /* SummaryViewController.swift in Sources */,
				AF9DEF072F76C536009A399B /* HistoryWindowController+Filter.swift in Sources */,
				AFA139922F324D1F006538C2 /* AtlasDataProcessor.swift in Sources */,
				AF9DEF082F76C536009A399B /* HistoryWindowController+UI.swift in Sources */,
				AFA139692F2BAF9C006538C2 /* MainWindowController.swift in Sources */,
			);
			runOnlyForDeploymentPostprocessing = 0;
		};
		AFA138F12F2BA889006538C2 /* Sources */ = {
			isa = PBXSourcesBuildPhase;
			buildActionMask = 2147483647;
			files = (
				AFA138FA2F2BA889006538C2 /* AtlasDataProcessorPlusTests.swift in Sources */,
				AFA139632F2BAF75006538C2 /* Channel.swift in Sources */,
				AFA139602F2BAF75006538C2 /* TestData.swift in Sources */,
			);
			runOnlyForDeploymentPostprocessing = 0;
		};
		AFA138FB2F2BA889006538C2 /* Sources */ = {
			isa = PBXSourcesBuildPhase;
			buildActionMask = 2147483647;
			files = (
				AFA139612F2BAF75006538C2 /* TestData.swift in Sources */,
				AFA139642F2BAF75006538C2 /* Channel.swift in Sources */,
				AFA139042F2BA889006538C2 /* AtlasDataProcessorPlusUITests.swift in Sources */,
				AFA139062F2BA889006538C2 /* AtlasDataProcessorPlusUITestsLaunchTests.swift in Sources */,
			);
			runOnlyForDeploymentPostprocessing = 0;
		};
/* End PBXSourcesBuildPhase section */

/* Begin PBXTargetDependency section */
		AFA138F72F2BA889006538C2 /* PBXTargetDependency */ = {
			isa = PBXTargetDependency;
			target = AFA138E32F2BA886006538C2 /* AtlasDataProcessorPlus */;
			targetProxy = AFA138F62F2BA889006538C2 /* PBXContainerItemProxy */;
		};
		AFA139012F2BA889006538C2 /* PBXTargetDependency */ = {
			isa = PBXTargetDependency;
			target = AFA138E32F2BA886006538C2 /* AtlasDataProcessorPlus */;
			targetProxy = AFA139002F2BA889006538C2 /* PBXContainerItemProxy */;
		};
/* End PBXTargetDependency section */

/* Begin XCBuildConfiguration section */
		AFA139072F2BA889006538C2 /* Debug */ = {
			isa = XCBuildConfiguration;
			buildSettings = {
				ALWAYS_SEARCH_USER_PATHS = NO;
				ASSETCATALOG_COMPILER_GENERATE_SWIFT_ASSET_SYMBOL_EXTENSIONS = YES;
				CLANG_ANALYZER_NONNULL = YES;
				CLANG_ANALYZER_NUMBER_OBJECT_CONVERSION = YES_AGGRESSIVE;
				CLANG_CXX_LANGUAGE_STANDARD = "gnu++20";
				CLANG_ENABLE_MODULES = YES;
				CLANG_ENABLE_OBJC_ARC = YES;
				CLANG_ENABLE_OBJC_WEAK = YES;
				CLANG_WARN_BLOCK_CAPTURE_AUTORELEASING = YES;
				CLANG_WARN_BOOL_CONVERSION = YES;
				CLANG_WARN_COMMA = YES;
				CLANG_WARN_CONSTANT_CONVERSION = YES;
				CLANG_WARN_DEPRECATED_OBJC_IMPLEMENTATIONS = YES;
				CLANG_WARN_DIRECT_OBJC_ISA_USAGE = YES_ERROR;
				CLANG_WARN_DOCUMENTATION_COMMENTS = YES;
				CLANG_WARN_EMPTY_BODY = YES;
				CLANG_WARN_ENUM_CONVERSION = YES;
				CLANG_WARN_INFINITE_RECURSION = YES;
				CLANG_WARN_INT_CONVERSION = YES;
				CLANG_WARN_NON_LITERAL_NULL_CONVERSION = YES;
				CLANG_WARN_OBJC_IMPLICIT_RETAIN_SELF = YES;
				CLANG_WARN_OBJC_LITERAL_CONVERSION = YES;
				CLANG_WARN_OBJC_ROOT_CLASS = YES_ERROR;
				CLANG_WARN_QUOTED_INCLUDE_IN_FRAMEWORK_HEADER = YES;
				CLANG_WARN_RANGE_LOOP_ANALYSIS = YES;
				CLANG_WARN_STRICT_PROTOTYPES = YES;
				CLANG_WARN_SUSPICIOUS_MOVE = YES;
				CLANG_WARN_UNGUARDED_AVAILABILITY = YES_AGGRESSIVE;
				CLANG_WARN_UNREACHABLE_CODE = YES;
				CLANG_WARN__DUPLICATE_METHOD_MATCH = YES;
				COPY_PHASE_STRIP = NO;
				DEBUG_INFORMATION_FORMAT = dwarf;
				ENABLE_STRICT_OBJC_MSGSEND = YES;
				ENABLE_TESTABILITY = YES;
				ENABLE_USER_SCRIPT_SANDBOXING = YES;
				GCC_C_LANGUAGE_STANDARD = gnu17;
				GCC_DYNAMIC_NO_PIC = NO;
				GCC_NO_COMMON_BLOCKS = YES;
				GCC_OPTIMIZATION_LEVEL = 0;
				GCC_PREPROCESSOR_DEFINITIONS = (
					"DEBUG=1",
					"$(inherited)",
				);
				GCC_WARN_64_TO_32_BIT_CONVERSION = YES;
				GCC_WARN_ABOUT_RETURN_TYPE = YES_ERROR;
				GCC_WARN_UNDECLARED_SELECTOR = YES;
				GCC_WARN_UNINITIALIZED_AUTOS = YES_AGGRESSIVE;
				GCC_WARN_UNUSED_FUNCTION = YES;
				GCC_WARN_UNUSED_VARIABLE = YES;
				INFOPLIST_FILE = "$(PRODUCT_NAME)/Info.plist";
				INFOPLIST_KEY_NSMainStoryboardFile = "";
				LOCALIZATION_PREFERS_STRING_CATALOGS = YES;
				MACOSX_DEPLOYMENT_TARGET = 11.1;
				MTL_ENABLE_DEBUG_INFO = INCLUDE_SOURCE;
				MTL_FAST_MATH = YES;
				ONLY_ACTIVE_ARCH = YES;
				SDKROOT = macosx;
				SWIFT_ACTIVE_COMPILATION_CONDITIONS = "DEBUG $(inherited)";
				SWIFT_OPTIMIZATION_LEVEL = "-Onone";
			};
			name = Debug;
		};
		AFA139082F2BA889006538C2 /* Release */ = {
			isa = XCBuildConfiguration;
			buildSettings = {
				ALWAYS_SEARCH_USER_PATHS = NO;
				ASSETCATALOG_COMPILER_GENERATE_SWIFT_ASSET_SYMBOL_EXTENSIONS = YES;
				CLANG_ANALYZER_NONNULL = YES;
				CLANG_ANALYZER_NUMBER_OBJECT_CONVERSION = YES_AGGRESSIVE;
				CLANG_CXX_LANGUAGE_STANDARD = "gnu++20";
				CLANG_ENABLE_MODULES = YES;
				CLANG_ENABLE_OBJC_ARC = YES;
				CLANG_ENABLE_OBJC_WEAK = YES;
				CLANG_WARN_BLOCK_CAPTURE_AUTORELEASING = YES;
				CLANG_WARN_BOOL_CONVERSION = YES;
				CLANG_WARN_COMMA = YES;
				CLANG_WARN_CONSTANT_CONVERSION = YES;
				CLANG_WARN_DEPRECATED_OBJC_IMPLEMENTATIONS = YES;
				CLANG_WARN_DIRECT_OBJC_ISA_USAGE = YES_ERROR;
				CLANG_WARN_DOCUMENTATION_COMMENTS = YES;
				CLANG_WARN_EMPTY_BODY = YES;
				CLANG_WARN_ENUM_CONVERSION = YES;
				CLANG_WARN_INFINITE_RECURSION = YES;
				CLANG_WARN_INT_CONVERSION = YES;
				CLANG_WARN_NON_LITERAL_NULL_CONVERSION = YES;
				CLANG_WARN_OBJC_IMPLICIT_RETAIN_SELF = YES;
				CLANG_WARN_OBJC_LITERAL_CONVERSION = YES;
				CLANG_WARN_OBJC_ROOT_CLASS = YES_ERROR;
				CLANG_WARN_QUOTED_INCLUDE_IN_FRAMEWORK_HEADER = YES;
				CLANG_WARN_RANGE_LOOP_ANALYSIS = YES;
				CLANG_WARN_STRICT_PROTOTYPES = YES;
				CLANG_WARN_SUSPICIOUS_MOVE = YES;
				CLANG_WARN_UNGUARDED_AVAILABILITY = YES_AGGRESSIVE;
				CLANG_WARN_UNREACHABLE_CODE = YES;
				CLANG_WARN__DUPLICATE_METHOD_MATCH = YES;
				COPY_PHASE_STRIP = NO;
				DEBUG_INFORMATION_FORMAT = "dwarf-with-dsym";
				ENABLE_NS_ASSERTIONS = NO;
				ENABLE_STRICT_OBJC_MSGSEND = YES;
				ENABLE_USER_SCRIPT_SANDBOXING = YES;
				GCC_C_LANGUAGE_STANDARD = gnu17;
				GCC_NO_COMMON_BLOCKS = YES;
				GCC_WARN_64_TO_32_BIT_CONVERSION = YES;
				GCC_WARN_ABOUT_RETURN_TYPE = YES_ERROR;
				GCC_WARN_UNDECLARED_SELECTOR = YES;
				GCC_WARN_UNINITIALIZED_AUTOS = YES_AGGRESSIVE;
				GCC_WARN_UNUSED_FUNCTION = YES;
				GCC_WARN_UNUSED_VARIABLE = YES;
				INFOPLIST_FILE = "$(PRODUCT_NAME)/Info.plist";
				INFOPLIST_KEY_NSMainStoryboardFile = "";
				LOCALIZATION_PREFERS_STRING_CATALOGS = YES;
				MACOSX_DEPLOYMENT_TARGET = 11.1;
				MTL_ENABLE_DEBUG_INFO = NO;
				MTL_FAST_MATH = YES;
				SDKROOT = macosx;
				SWIFT_COMPILATION_MODE = wholemodule;
			};
			name = Release;
		};
		AFA1390A2F2BA889006538C2 /* Debug */ = {
			isa = XCBuildConfiguration;
			buildSettings = {
				ASSETCATALOG_COMPILER_APPICON_NAME = AppIcon;
				ASSETCATALOG_COMPILER_GLOBAL_ACCENT_COLOR_NAME = AccentColor;
				CODE_SIGN_ENTITLEMENTS = AtlasDataProcessorPlus/AtlasDataProcessorPlus.entitlements;
				CODE_SIGN_STYLE = Automatic;
				COMBINE_HIDPI_IMAGES = YES;
				CURRENT_PROJECT_VERSION = 1;
				DEVELOPMENT_TEAM = U3UMT8WQVD;
				ENABLE_HARDENED_RUNTIME = YES;
				GENERATE_INFOPLIST_FILE = YES;
				INFOPLIST_KEY_CFBundleDisplayName = "";
				INFOPLIST_KEY_NSHumanReadableCopyright = "";
				INFOPLIST_KEY_NSMainNibFile = MainMenu;
				INFOPLIST_KEY_NSMainStoryboardFile = "";
				INFOPLIST_KEY_NSPrincipalClass = NSApplication;
				LD_RUNPATH_SEARCH_PATHS = (
					"$(inherited)",
					"@executable_path/../Frameworks",
				);
				MACOSX_DEPLOYMENT_TARGET = 11.1;
				MARKETING_VERSION = 1.3;
				PRODUCT_BUNDLE_IDENTIFIER = com.apple.bsd.AtlasDataProcessorPlus;
				PRODUCT_NAME = "$(TARGET_NAME)";
				SWIFT_EMIT_LOC_STRINGS = YES;
				SWIFT_VERSION = 5.0;
			};
			name = Debug;
		};
		AFA1390B2F2BA889006538C2 /* Release */ = {
			isa = XCBuildConfiguration;
			buildSettings = {
				ASSETCATALOG_COMPILER_APPICON_NAME = AppIcon;
				ASSETCATALOG_COMPILER_GLOBAL_ACCENT_COLOR_NAME = AccentColor;
				CODE_SIGN_ENTITLEMENTS = AtlasDataProcessorPlus/AtlasDataProcessorPlus.entitlements;
				CODE_SIGN_STYLE = Automatic;
				COMBINE_HIDPI_IMAGES = YES;
				CURRENT_PROJECT_VERSION = 1;
				DEVELOPMENT_TEAM = U3UMT8WQVD;
				ENABLE_HARDENED_RUNTIME = YES;
				GENERATE_INFOPLIST_FILE = YES;
				INFOPLIST_KEY_CFBundleDisplayName = "";
				INFOPLIST_KEY_NSHumanReadableCopyright = "";
				INFOPLIST_KEY_NSMainNibFile = MainMenu;
				INFOPLIST_KEY_NSMainStoryboardFile = "";
				INFOPLIST_KEY_NSPrincipalClass = NSApplication;
				LD_RUNPATH_SEARCH_PATHS = (
					"$(inherited)",
					"@executable_path/../Frameworks",
				);
				MACOSX_DEPLOYMENT_TARGET = 11.1;
				MARKETING_VERSION = 1.3;
				PRODUCT_BUNDLE_IDENTIFIER = com.apple.bsd.AtlasDataProcessorPlus;
				PRODUCT_NAME = "$(TARGET_NAME)";
				SWIFT_EMIT_LOC_STRINGS = YES;
				SWIFT_VERSION = 5.0;
			};
			name = Release;
		};
		AFA1390D2F2BA889006538C2 /* Debug */ = {
			isa = XCBuildConfiguration;
			buildSettings = {
				ALWAYS_EMBED_SWIFT_STANDARD_LIBRARIES = YES;
				BUNDLE_LOADER = "$(TEST_HOST)";
				"CODE_SIGN_IDENTITY[sdk=macosx*]" = "Apple Development";
				CODE_SIGN_STYLE = Automatic;
				CURRENT_PROJECT_VERSION = 1;
				DEVELOPMENT_TEAM = U3UMT8WQVD;
				GENERATE_INFOPLIST_FILE = YES;
				MACOSX_DEPLOYMENT_TARGET = 11.1;
				MARKETING_VERSION = 1.0;
				PRODUCT_BUNDLE_IDENTIFIER = com.apple.bsd.AtlasDataProcessorPlusTests;
				PRODUCT_NAME = "$(TARGET_NAME)";
				SWIFT_EMIT_LOC_STRINGS = NO;
				SWIFT_VERSION = 5.0;
				TEST_HOST = "$(BUILT_PRODUCTS_DIR)/AtlasDataProcessorPlus.app/$(BUNDLE_EXECUTABLE_FOLDER_PATH)/AtlasDataProcessorPlus";
			};
			name = Debug;
		};
		AFA1390E2F2BA889006538C2 /* Release */ = {
			isa = XCBuildConfiguration;
			buildSettings = {
				ALWAYS_EMBED_SWIFT_STANDARD_LIBRARIES = YES;
				BUNDLE_LOADER = "$(TEST_HOST)";
				"CODE_SIGN_IDENTITY[sdk=macosx*]" = "Apple Development";
				CODE_SIGN_STYLE = Automatic;
				CURRENT_PROJECT_VERSION = 1;
				DEVELOPMENT_TEAM = U3UMT8WQVD;
				GENERATE_INFOPLIST_FILE = YES;
				MACOSX_DEPLOYMENT_TARGET = 11.1;
				MARKETING_VERSION = 1.0;
				PRODUCT_BUNDLE_IDENTIFIER = com.apple.bsd.AtlasDataProcessorPlusTests;
				PRODUCT_NAME = "$(TARGET_NAME)";
				SWIFT_EMIT_LOC_STRINGS = NO;
				SWIFT_VERSION = 5.0;
				TEST_HOST = "$(BUILT_PRODUCTS_DIR)/AtlasDataProcessorPlus.app/$(BUNDLE_EXECUTABLE_FOLDER_PATH)/AtlasDataProcessorPlus";
			};
			name = Release;
		};
		AFA139102F2BA889006538C2 /* Debug */ = {
			isa = XCBuildConfiguration;
			buildSettings = {
				ALWAYS_EMBED_SWIFT_STANDARD_LIBRARIES = YES;
				CODE_SIGN_STYLE = Automatic;
				CURRENT_PROJECT_VERSION = 1;
				DEVELOPMENT_TEAM = U3UMT8WQVD;
				GENERATE_INFOPLIST_FILE = YES;
				MACOSX_DEPLOYMENT_TARGET = 11.1;
				MARKETING_VERSION = 1.0;
				PRODUCT_BUNDLE_IDENTIFIER = com.apple.bsd.AtlasDataProcessorPlusUITests;
				PRODUCT_NAME = "$(TARGET_NAME)";
				SWIFT_EMIT_LOC_STRINGS = NO;
				SWIFT_VERSION = 5.0;
				TEST_TARGET_NAME = AtlasDataProcessorPlus;
			};
			name = Debug;
		};
		AFA139112F2BA889006538C2 /* Release */ = {
			isa = XCBuildConfiguration;
			buildSettings = {
				ALWAYS_EMBED_SWIFT_STANDARD_LIBRARIES = YES;
				CODE_SIGN_STYLE = Automatic;
				CURRENT_PROJECT_VERSION = 1;
				DEVELOPMENT_TEAM = U3UMT8WQVD;
				GENERATE_INFOPLIST_FILE = YES;
				MACOSX_DEPLOYMENT_TARGET = 11.1;
				MARKETING_VERSION = 1.0;
				PRODUCT_BUNDLE_IDENTIFIER = com.apple.bsd.AtlasDataProcessorPlusUITests;
				PRODUCT_NAME = "$(TARGET_NAME)";
				SWIFT_EMIT_LOC_STRINGS = NO;
				SWIFT_VERSION = 5.0;
				TEST_TARGET_NAME = AtlasDataProcessorPlus;
			};
			name = Release;
		};
/* End XCBuildConfiguration section */

/* Begin XCConfigurationList section */
		AFA138DF2F2BA885006538C2 /* Build configuration list for PBXProject "AtlasDataProcessorPlus" */ = {
			isa = XCConfigurationList;
			buildConfigurations = (
				AFA139072F2BA889006538C2 /* Debug */,
				AFA139082F2BA889006538C2 /* Release */,
			);
			defaultConfigurationIsVisible = 0;
			defaultConfigurationName = Release;
		};
		AFA139092F2BA889006538C2 /* Build configuration list for PBXNativeTarget "AtlasDataProcessorPlus" */ = {
			isa = XCConfigurationList;
			buildConfigurations = (
				AFA1390A2F2BA889006538C2 /* Debug */,
				AFA1390B2F2BA889006538C2 /* Release */,
			);
			defaultConfigurationIsVisible = 0;
			defaultConfigurationName = Release;
		};
		AFA1390C2F2BA889006538C2 /* Build configuration list for PBXNativeTarget "AtlasDataProcessorPlusTests" */ = {
			isa = XCConfigurationList;
			buildConfigurations = (
				AFA1390D2F2BA889006538C2 /* Debug */,
				AFA1390E2F2BA889006538C2 /* Release */,
			);
			defaultConfigurationIsVisible = 0;
			defaultConfigurationName = Release;
		};
		AFA1390F2F2BA889006538C2 /* Build configuration list for PBXNativeTarget "AtlasDataProcessorPlusUITests" */ = {
			isa = XCConfigurationList;
			buildConfigurations = (
				AFA139102F2BA889006538C2 /* Debug */,
				AFA139112F2BA889006538C2 /* Release */,
			);
			defaultConfigurationIsVisible = 0;
			defaultConfigurationName = Release;
		};
/* End XCConfigurationList section */
	};
	rootObject = AFA138DC2F2BA885006538C2 /* Project object */;
}
